// !$*UTF8*$!
{
	archiveVersion = 1;
	classes = {
	};
	objectVersion = 50;
	objects = {

/* Begin PBXBuildFile section */
		7A4E4DAD24DA03A9000D3C39 /* WaltzApp.swift in Sources */ = {isa = PBXBuildFile; fileRef = 7A4E4DAC24DA03A9000D3C39 /* WaltzApp.swift */; };
		7A4E4DAF24DA03A9000D3C39 /* ContentView.swift in Sources */ = {isa = PBXBuildFile; fileRef = 7A4E4DAE24DA03A9000D3C39 /* ContentView.swift */; };
		7A4E4DB124DA03AB000D3C39 /* Assets.xcassets in Resources */ = {isa = PBXBuildFile; fileRef = 7A4E4DB024DA03AB000D3C39 /* Assets.xcassets */; };
		7A4E4DB424DA03AB000D3C39 /* Preview Assets.xcassets in Resources */ = {isa = PBXBuildFile; fileRef = 7A4E4DB324DA03AB000D3C39 /* Preview Assets.xcassets */; };
		7A4E4E2A24DB6E10000D3C39 /* WaltzModel.swift in Sources */ = {isa = PBXBuildFile; fileRef = 7A4E4E2924DB6E10000D3C39 /* WaltzModel.swift */; };
		7A4E4E2C24DB6E4C000D3C39 /* Waltz of the Flowers.mp3 in Resources */ = {isa = PBXBuildFile; fileRef = 7A4E4E2B24DB6E4C000D3C39 /* Waltz of the Flowers.mp3 */; };
		7A4E4E3324DB7252000D3C39 /* SongCard.swift in Sources */ = {isa = PBXBuildFile; fileRef = 7A4E4E3224DB7252000D3C39 /* SongCard.swift */; };
		7A4E4E3624DB727A000D3C39 /* ScaleButtonStyle.swift in Sources */ = {isa = PBXBuildFile; fileRef = 7A4E4E3524DB727A000D3C39 /* ScaleButtonStyle.swift */; };
		7A4E4E3824DB72D9000D3C39 /* SongInfo.swift in Sources */ = {isa = PBXBuildFile; fileRef = 7A4E4E3724DB72D9000D3C39 /* SongInfo.swift */; };
/* End PBXBuildFile section */

/* Begin PBXFileReference section */
		7A4E4DA924DA03A9000D3C39 /* Waltz.app */ = {isa = PBXFileReference; explicitFileType = wrapper.application; includeInIndex = 0; path = Waltz.app; sourceTree = BUILT_PRODUCTS_DIR; };
		7A4E4DAC24DA03A9000D3C39 /* WaltzApp.swift */ = {isa = PBXFileReference; lastKnownFileType = sourcecode.swift; path = WaltzApp.swift; sourceTree = "<group>"; };
		7A4E4DAE24DA03A9000D3C39 /* ContentView.swift */ = {isa = PBXFileReference; lastKnownFileType = sourcecode.swift; path = ContentView.swift; sourceTree = "<group>"; };
		7A4E4DB024DA03AB000D3C39 /* Assets.xcassets */ = {isa = PBXFileReference; lastKnownFileType = folder.assetcatalog; path = Assets.xcassets; sourceTree = "<group>"; };
		7A4E4DB324DA03AB000D3C39 /* Preview Assets.xcassets */ = {isa = PBXFileReference; lastKnownFileType = folder.assetcatalog; path = "Preview Assets.xcassets"; sourceTree = "<group>"; };
		7A4E4DB524DA03AB000D3C39 /* Info.plist */ = {isa = PBXFileReference; lastKnownFileType = text.plist.xml; path = Info.plist; sourceTree = "<group>"; };
		7A4E4E2924DB6E10000D3C39 /* WaltzModel.swift */ = {isa = PBXFileReference; lastKnownFileType = sourcecode.swift; path = WaltzModel.swift; sourceTree = "<group>"; };
		7A4E4E2B24DB6E4C000D3C39 /* Waltz of the Flowers.mp3 */ = {isa = PBXFileReference; lastKnownFileType = audio.mp3; path = "Waltz of the Flowers.mp3"; sourceTree = "<group>"; };
		7A4E4E3224DB7252000D3C39 /* SongCard.swift */ = {isa = PBXFileReference; lastKnownFileType = sourcecode.swift; path = SongCard.swift; sourceTree = "<group>"; };
		7A4E4E3524DB727A000D3C39 /* ScaleButtonStyle.swift */ = {isa = PBXFileReference; lastKnownFileType = sourcecode.swift; path = ScaleButtonStyle.swift; sourceTree = "<group>"; };
		7A4E4E3724DB72D9000D3C39 /* SongInfo.swift */ = {isa = PBXFileReference; lastKnownFileType = sourcecode.swift; path = SongInfo.swift; sourceTree = "<group>"; };
/* End PBXFileReference section */

/* Begin PBXFrameworksBuildPhase section */
		7A4E4DA624DA03A9000D3C39 /* Frameworks */ = {
			isa = PBXFrameworksBuildPhase;
			buildActionMask = 2147483647;
			files = (
			);
			runOnlyForDeploymentPostprocessing = 0;
		};
/* End PBXFrameworksBuildPhase section */

/* Begin PBXGroup section */
		7A4E4DA024DA03A8000D3C39 = {
			isa = PBXGroup;
			children = (
				7A4E4DAB24DA03A9000D3C39 /* Waltz */,
				7A4E4DAA24DA03A9000D3C39 /* Products */,
			);
			sourceTree = "<group>";
		};
		7A4E4DAA24DA03A9000D3C39 /* Products */ = {
			isa = PBXGroup;
			children = (
				7A4E4DA924DA03A9000D3C39 /* Waltz.app */,
			);
			name = Products;
			sourceTree = "<group>";
		};
		7A4E4DAB24DA03A9000D3C39 /* Waltz */ = {
			isa = PBXGroup;
			children = (
				7A4E4DAC24DA03A9000D3C39 /* WaltzApp.swift */,
				7A4E4E2724DB6DC1000D3C39 /* Models */,
				7A4E4E2824DB6DC5000D3C39 /* Views */,
				7A4E4E2D24DB6E51000D3C39 /* Songs */,
				7A4E4E3424DB7263000D3C39 /* Styles */,
				7A4E4DB024DA03AB000D3C39 /* Assets.xcassets */,
				7A4E4DB524DA03AB000D3C39 /* Info.plist */,
				7A4E4DB224DA03AB000D3C39 /* Preview Content */,
			);
			path = Waltz;
			sourceTree = "<group>";
		};
		7A4E4DB224DA03AB000D3C39 /* Preview Content */ = {
			isa = PBXGroup;
			children = (
				7A4E4DB324DA03AB000D3C39 /* Preview Assets.xcassets */,
			);
			path = "Preview Content";
			sourceTree = "<group>";
		};
		7A4E4E2724DB6DC1000D3C39 /* Models */ = {
			isa = PBXGroup;
			children = (
				7A4E4E2924DB6E10000D3C39 /* WaltzModel.swift */,
			);
			path = Models;
			sourceTree = "<group>";
		};
		7A4E4E2824DB6DC5000D3C39 /* Views */ = {
			isa = PBXGroup;
			children = (
				7A4E4DAE24DA03A9000D3C39 /* ContentView.swift */,
				7A4E4E3224DB7252000D3C39 /* SongCard.swift */,
				7A4E4E3724DB72D9000D3C39 /* SongInfo.swift */,
			);
			path = Views;
			sourceTree = "<group>";
		};
		7A4E4E2D24DB6E51000D3C39 /* Songs */ = {
			isa = PBXGroup;
			children = (
				7A4E4E2B24DB6E4C000D3C39 /* Waltz of the Flowers.mp3 */,
			);
			name = Songs;
			sourceTree = "<group>";
		};
		7A4E4E3424DB7263000D3C39 /* Styles */ = {
			isa = PBXGroup;
			children = (
				7A4E4E3524DB727A000D3C39 /* ScaleButtonStyle.swift */,
			);
			name = Styles;
			sourceTree = "<group>";
		};
/* End PBXGroup section */

/* Begin PBXNativeTarget section */
		7A4E4DA824DA03A9000D3C39 /* Waltz */ = {
			isa = PBXNativeTarget;
			buildConfigurationList = 7A4E4DB824DA03AB000D3C39 /* Build configuration list for PBXNativeTarget "Waltz" */;
			buildPhases = (
				7A4E4DA524DA03A9000D3C39 /* Sources */,
				7A4E4DA624DA03A9000D3C39 /* Frameworks */,
				7A4E4DA724DA03A9000D3C39 /* Resources */,
			);
			buildRules = (
			);
			dependencies = (
			);
			name = Waltz;
			productName = Waltz;
			productReference = 7A4E4DA924DA03A9000D3C39 /* Waltz.app */;
			productType = "com.apple.product-type.application";
		};
/* End PBXNativeTarget section */

/* Begin PBXProject section */
		7A4E4DA124DA03A8000D3C39 /* Project object */ = {
			isa = PBXProject;
			attributes = {
				LastSwiftUpdateCheck = 1200;
				LastUpgradeCheck = 1200;
				TargetAttributes = {
					7A4E4DA824DA03A9000D3C39 = {
						CreatedOnToolsVersion = 12.0;
					};
				};
			};
			buildConfigurationList = 7A4E4DA424DA03A8000D3C39 /* Build configuration list for PBXProject "Waltz" */;
			compatibilityVersion = "Xcode 9.3";
			developmentRegion = en;
			hasScannedForEncodings = 0;
			knownRegions = (
				en,
				Base,
			);
			mainGroup = 7A4E4DA024DA03A8000D3C39;
			productRefGroup = 7A4E4DAA24DA03A9000D3C39 /* Products */;
			projectDirPath = "";
			projectRoot = "";
			targets = (
				7A4E4DA824DA03A9000D3C39 /* Waltz */,
			);
		};
/* End PBXProject section */

/* Begin PBXResourcesBuildPhase section */
		7A4E4DA724DA03A9000D3C39 /* Resources */ = {
			isa = PBXResourcesBuildPhase;
			buildActionMask = 2147483647;
			files = (
				7A4E4DB424DA03AB000D3C39 /* Preview Assets.xcassets in Resources */,
				7A4E4DB124DA03AB000D3C39 /* Assets.xcassets in Resources */,
				7A4E4E2C24DB6E4C000D3C39 /* Waltz of the Flowers.mp3 in Resources */,
			);
			runOnlyForDeploymentPostprocessing = 0;
		};
/* End PBXResourcesBuildPhase section */

/* Begin PBXSourcesBuildPhase section */
		7A4E4DA524DA03A9000D3C39 /* Sources */ = {
			isa = PBXSourcesBuildPhase;
			buildActionMask = 2147483647;
			files = (
				7A4E4E3824DB72D9000D3C39 /* SongInfo.swift in Sources */,
				7A4E4DAF24DA03A9000D3C39 /* ContentView.swift in Sources */,
				7A4E4E3624DB727A000D3C39 /* ScaleButtonStyle.swift in Sources */,
				7A4E4DAD24DA03A9000D3C39 /* WaltzApp.swift in Sources */,
				7A4E4E3324DB7252000D3C39 /* SongCard.swift in Sources */,
				7A4E4E2A24DB6E10000D3C39 /* WaltzModel.swift in Sources */,
			);
			runOnlyForDeploymentPostprocessing = 0;
		};
/* End PBXSourcesBuildPhase section */

/* Begin XCBuildConfiguration section */
		7A4E4DB624DA03AB000D3C39 /* Debug */ = {
			isa = XCBuildConfiguration;
			buildSettings = {
				ALWAYS_SEARCH_USER_PATHS = NO;
				CLANG_ANALYZER_NONNULL = YES;
				CLANG_ANALYZER_NUMBER_OBJECT_CONVERSION = YES_AGGRESSIVE;
				CLANG_CXX_LANGUAGE_STANDARD = "gnu++14";
				CLANG_CXX_LIBRARY = "libc++";
				CLANG_ENABLE_MODULES = YES;
				CLANG_ENABLE_OBJC_ARC = YES;
				CLANG_ENABLE_OBJC_WEAK = YES;
				CLANG_WARN_BLOCK_CAPTURE_AUTORELEASING = YES;
				CLANG_WARN_BOOL_CONVERSION = YES;
				CLANG_WARN_COMMA = YES;
				CLANG_WARN_CONSTANT_CONVERSION = YES;
				CLANG_WARN_DEPRECATED_OBJC_IMPLEMENTATIONS = YES;
				CLANG_WARN_DIRECT_OBJC_ISA_USAGE = YES_ERROR;
				CLANG_WARN_DOCUMENTATION_COMMENTS = YES;
				CLANG_WARN_EMPTY_BODY = YES;
				CLANG_WARN_ENUM_CONVERSION = YES;
				CLANG_WARN_INFINITE_RECURSION = YES;
				CLANG_WARN_INT_CONVERSION = YES;
				CLANG_WARN_NON_LITERAL_NULL_CONVERSION = YES;
				CLANG_WARN_OBJC_IMPLICIT_RETAIN_SELF = YES;
				CLANG_WARN_OBJC_LITERAL_CONVERSION = YES;
				CLANG_WARN_OBJC_ROOT_CLASS = YES_ERROR;
				CLANG_WARN_QUOTED_INCLUDE_IN_FRAMEWORK_HEADER = YES;
				CLANG_WARN_RANGE_LOOP_ANALYSIS = YES;
				CLANG_WARN_STRICT_PROTOTYPES = YES;
				CLANG_WARN_SUSPICIOUS_MOVE = YES;
				CLANG_WARN_UNGUARDED_AVAILABILITY = YES_AGGRESSIVE;
				CLANG_WARN_UNREACHABLE_CODE = YES;
				CLANG_WARN__DUPLICATE_METHOD_MATCH = YES;
				COPY_PHASE_STRIP = NO;
				DEBUG_INFORMATION_FORMAT = dwarf;
				ENABLE_STRICT_OBJC_MSGSEND = YES;
				ENABLE_TESTABILITY = YES;
				GCC_C_LANGUAGE_STANDARD = gnu11;
				GCC_DYNAMIC_NO_PIC = NO;
				GCC_NO_COMMON_BLOCKS = YES;
				GCC_OPTIMIZATION_LEVEL = 0;
				GCC_PREPROCESSOR_DEFINITIONS = (
					"DEBUG=1",
					"$(inherited)",
				);
				GCC_WARN_64_TO_32_BIT_CONVERSION = YES;
				GCC_WARN_ABOUT_RETURN_TYPE = YES_ERROR;
				GCC_WARN_UNDECLARED_SELECTOR = YES;
				GCC_WARN_UNINITIALIZED_AUTOS = YES_AGGRESSIVE;
				GCC_WARN_UNUSED_FUNCTION = YES;
				GCC_WARN_UNUSED_VARIABLE = YES;
				IPHONEOS_DEPLOYMENT_TARGET = 14.0;
				MTL_ENABLE_DEBUG_INFO = INCLUDE_SOURCE;
				MTL_FAST_MATH = YES;
				ONLY_ACTIVE_ARCH = YES;
				SDKROOT = iphoneos;
				SWIFT_ACTIVE_COMPILATION_CONDITIONS = DEBUG;
				SWIFT_OPTIMIZATION_LEVEL = "-Onone";
			};
			name = Debug;
		};
		7A4E4DB724DA03AB000D3C39 /* Release */ = {
			isa = XCBuildConfiguration;
			buildSettings = {
				ALWAYS_SEARCH_USER_PATHS = NO;
				CLANG_ANALYZER_NONNULL = YES;
				CLANG_ANALYZER_NUMBER_OBJECT_CONVERSION = YES_AGGRESSIVE;
				CLANG_CXX_LANGUAGE_STANDARD = "gnu++14";
				CLANG_CXX_LIBRARY = "libc++";
				CLANG_ENABLE_MODULES = YES;
				CLANG_ENABLE_OBJC_ARC = YES;
				CLANG_ENABLE_OBJC_WEAK = YES;
				CLANG_WARN_BLOCK_CAPTURE_AUTORELEASING = YES;
				CLANG_WARN_BOOL_CONVERSION = YES;
				CLANG_WARN_COMMA = YES;
				CLANG_WARN_CONSTANT_CONVERSION = YES;
				CLANG_WARN_DEPRECATED_OBJC_IMPLEMENTATIONS = YES;
				CLANG_WARN_DIRECT_OBJC_ISA_USAGE = YES_ERROR;
				CLANG_WARN_DOCUMENTATION_COMMENTS = YES;
				CLANG_WARN_EMPTY_BODY = YES;
				CLANG_WARN_ENUM_CONVERSION = YES;
				CLANG_WARN_INFINITE_RECURSION = YES;
				CLANG_WARN_INT_CONVERSION = YES;
				CLANG_WARN_NON_LITERAL_NULL_CONVERSION = YES;
				CLANG_WARN_OBJC_IMPLICIT_RETAIN_SELF = YES;
				CLANG_WARN_OBJC_LITERAL_CONVERSION = YES;
				CLANG_WARN_OBJC_ROOT_CLASS = YES_ERROR;
				CLANG_WARN_QUOTED_INCLUDE_IN_FRAMEWORK_HEADER = YES;
				CLANG_WARN_RANGE_LOOP_ANALYSIS = YES;
				CLANG_WARN_STRICT_PROTOTYPES = YES;
				CLANG_WARN_SUSPICIOUS_MOVE = YES;
				CLANG_WARN_UNGUARDED_AVAILABILITY = YES_AGGRESSIVE;
				CLANG_WARN_UNREACHABLE_CODE = YES;
				CLANG_WARN__DUPLICATE_METHOD_MATCH = YES;
				COPY_PHASE_STRIP = NO;
				DEBUG_INFORMATION_FORMAT = "dwarf-with-dsym";
				ENABLE_NS_ASSERTIONS = NO;
				ENABLE_STRICT_OBJC_MSGSEND = YES;
				GCC_C_LANGUAGE_STANDARD = gnu11;
				GCC_NO_COMMON_BLOCKS = YES;
				GCC_WARN_64_TO_32_BIT_CONVERSION = YES;
				GCC_WARN_ABOUT_RETURN_TYPE = YES_ERROR;
				GCC_WARN_UNDECLARED_SELECTOR = YES;
				GCC_WARN_UNINITIALIZED_AUTOS = YES_AGGRESSIVE;
				GCC_WARN_UNUSED_FUNCTION = YES;
				GCC_WARN_UNUSED_VARIABLE = YES;
				IPHONEOS_DEPLOYMENT_TARGET = 14.0;
				MTL_ENABLE_DEBUG_INFO = NO;
				MTL_FAST_MATH = YES;
				SDKROOT = iphoneos;
				SWIFT_COMPILATION_MODE = wholemodule;
				SWIFT_OPTIMIZATION_LEVEL = "-O";
				VALIDATE_PRODUCT = YES;
			};
			name = Release;
		};
		7A4E4DB924DA03AB000D3C39 /* Debug */ = {
			isa = XCBuildConfiguration;
			buildSettings = {
				ASSETCATALOG_COMPILER_APPICON_NAME = AppIcon;
				ASSETCATALOG_COMPILER_GLOBAL_ACCENT_COLOR_NAME = AccentColor;
				CODE_SIGN_STYLE = Automatic;
				DEVELOPMENT_ASSET_PATHS = "\"Waltz/Preview Content\"";
				DEVELOPMENT_TEAM = 48L2KRCZH4;
				ENABLE_PREVIEWS = YES;
				INFOPLIST_FILE = Waltz/Info.plist;
				IPHONEOS_DEPLOYMENT_TARGET = 14.0;
				LD_RUNPATH_SEARCH_PATHS = (
					"$(inherited)",
					"@executable_path/Frameworks",
				);
				PRODUCT_BUNDLE_IDENTIFIER = me.paoyu.Waltz;
				PRODUCT_NAME = "$(TARGET_NAME)";
				SWIFT_VERSION = 5.0;
				TARGETED_DEVICE_FAMILY = "1,2";
			};
			name = Debug;
		};
		7A4E4DBA24DA03AB000D3C39 /* Release */ = {
			isa = XCBuildConfiguration;
			buildSettings = {
				ASSETCATALOG_COMPILER_APPICON_NAME = AppIcon;
				ASSETCATALOG_COMPILER_GLOBAL_ACCENT_COLOR_NAME = AccentColor;
				CODE_SIGN_STYLE = Automatic;
				DEVELOPMENT_ASSET_PATHS = "\"Waltz/Preview Content\"";
				DEVELOPMENT_TEAM = 48L2KRCZH4;
				ENABLE_PREVIEWS = YES;
				INFOPLIST_FILE = Waltz/Info.plist;
				IPHONEOS_DEPLOYMENT_TARGET = 14.0;
				LD_RUNPATH_SEARCH_PATHS = (
					"$(inherited)",
					"@executable_path/Frameworks",
				);
				PRODUCT_BUNDLE_IDENTIFIER = me.paoyu.Waltz;
				PRODUCT_NAME = "$(TARGET_NAME)";
				SWIFT_VERSION = 5.0;
				TARGETED_DEVICE_FAMILY = "1,2";
			};
			name = Release;
		};
/* End XCBuildConfiguration section */

/* Begin XCConfigurationList section */
		7A4E4DA424DA03A8000D3C39 /* Build configuration list for PBXProject "Waltz" */ = {
			isa = XCConfigurationList;
			buildConfigurations = (
				7A4E4DB624DA03AB000D3C39 /* Debug */,
				7A4E4DB724DA03AB000D3C39 /* Release */,
			);
			defaultConfigurationIsVisible = 0;
			defaultConfigurationName = Release;
		};
		7A4E4DB824DA03AB000D3C39 /* Build configuration list for PBXNativeTarget "Waltz" */ = {
			isa = XCConfigurationList;
			buildConfigurations = (
				7A4E4DB924DA03AB000D3C39 /* Debug */,
				7A4E4DBA24DA03AB000D3C39 /* Release */,
			);
			defaultConfigurationIsVisible = 0;
			defaultConfigurationName = Release;
		};
/* End XCConfigurationList section */
	};
	rootObject = 7A4E4DA124DA03A8000D3C39 /* Project object */;
}
